{
  "name": "sodium-static",
  "version": "2.7.0",
  "lockfileVersion": 3,
  "requires": true,
  "packages": {
    "": {
      "name": "sodium-static",
      "version": "2.7.0",
      "dependencies": {
        "sodium-static": "file:"
      }
    },
    "node_modules/sodium-static": {
      "resolved": "",
      "link": true
    }
  }
}
